
Microsoft Visual Studio Solution File, Format Version 12.00
# Visual Studio 15
VisualStudioVersion = 15.0.26730.16
MinimumVisualStudioVersion = 10.0.40219.1
Project("{FAE04EC0-301F-11D3-BF4B-00C04F79EFBC}") = "Letovi", "Letovi\Letovi.csproj", "{B92DBAB2-13AA-4A22-A2AA-67F42B51AE45}"
EndProject
Global
	GlobalSection(SolutionConfigurationPlatforms) = preSolution
		Debug|Any CPU = Debug|Any CPU
		Release|Any CPU = Release|Any CPU
	EndGlobalSection
	GlobalSection(ProjectConfigurationPlatforms) = postSolution
		{B92DBAB2-13AA-4A22-A2AA-67F42B51AE45}.Debug|Any CPU.ActiveCfg = Debug|Any CPU
		{B92DBAB2-13AA-4A22-A2AA-67F42B51AE45}.Debug|Any CPU.Build.0 = Debug|Any CPU
		{B92DBAB2-13AA-4A22-A2AA-67F42B51AE45}.Release|Any CPU.ActiveCfg = Release|Any CPU
		{B92DBAB2-13AA-4A22-A2AA-67F42B51AE45}.Release|Any CPU.Build.0 = Release|Any CPU
	EndGlobalSection
	GlobalSection(SolutionProperties) = preSolution
		HideSolutionNode = FALSE
	EndGlobalSection
	GlobalSection(ExtensibilityGlobals) = postSolution
		SolutionGuid = {50B23DD4-F310-423C-A596-F90080AC4816}
	EndGlobalSection
EndGlobal
